
terraform plan  -var-file="develop.tfvars"                                                                                                                                                                                    1 ✘  7s   Pay-As-You-Go ﴃ 

Terraform used the selected providers to generate the following execution plan. Resource actions are indicated with the following symbols:
  + create

Terraform will perform the following actions:

  # module.fpost-storage.azurerm_resource_group.sre_rg will be created
  + resource "azurerm_resource_group" "sre_rg" {
      + id       = (known after apply)
      + location = "westeurope"
      + name     = "sre-challenge-flashenpost"
      + tags     = {
          + "department" = "SRE"
        }
    }

  # module.fpost-storage.azurerm_storage_account.sre_storage will be created
  + resource "azurerm_storage_account" "sre_storage" {
      + access_tier                        = "Hot"
      + account_kind                       = "StorageV2"
      + account_replication_type           = "LRS"
      + account_tier                       = "Standard"
      + allow_nested_items_to_be_public    = true
      + cross_tenant_replication_enabled   = true
      + default_to_oauth_authentication    = false
      + dns_endpoint_type                  = "Standard"
      + enable_https_traffic_only          = true
      + id                                 = (known after apply)
      + infrastructure_encryption_enabled  = false
      + is_hns_enabled                     = false
      + large_file_share_enabled           = (known after apply)
      + local_user_enabled                 = true
      + location                           = "westeurope"
      + min_tls_version                    = "TLS1_2"
      + name                               = "srechallengesforfpost"
      + nfsv3_enabled                      = false
      + primary_access_key                 = (sensitive value)
      + primary_blob_connection_string     = (sensitive value)
      + primary_blob_endpoint              = (known after apply)
      + primary_blob_host                  = (known after apply)
      + primary_blob_internet_endpoint     = (known after apply)
      + primary_blob_internet_host         = (known after apply)
      + primary_blob_microsoft_endpoint    = (known after apply)
      + primary_blob_microsoft_host        = (known after apply)
      + primary_connection_string          = (sensitive value)
      + primary_dfs_endpoint               = (known after apply)
      + primary_dfs_host                   = (known after apply)
      + primary_dfs_internet_endpoint      = (known after apply)
      + primary_dfs_internet_host          = (known after apply)
      + primary_dfs_microsoft_endpoint     = (known after apply)
      + primary_dfs_microsoft_host         = (known after apply)
      + primary_file_endpoint              = (known after apply)
      + primary_file_host                  = (known after apply)
      + primary_file_internet_endpoint     = (known after apply)
      + primary_file_internet_host         = (known after apply)
      + primary_file_microsoft_endpoint    = (known after apply)
      + primary_file_microsoft_host        = (known after apply)
      + primary_location                   = (known after apply)
      + primary_queue_endpoint             = (known after apply)
      + primary_queue_host                 = (known after apply)
      + primary_queue_microsoft_endpoint   = (known after apply)
      + primary_queue_microsoft_host       = (known after apply)
      + primary_table_endpoint             = (known after apply)
      + primary_table_host                 = (known after apply)
      + primary_table_microsoft_endpoint   = (known after apply)
      + primary_table_microsoft_host       = (known after apply)
      + primary_web_endpoint               = (known after apply)
      + primary_web_host                   = (known after apply)
      + primary_web_internet_endpoint      = (known after apply)
      + primary_web_internet_host          = (known after apply)
      + primary_web_microsoft_endpoint     = (known after apply)
      + primary_web_microsoft_host         = (known after apply)
      + public_network_access_enabled      = true
      + queue_encryption_key_type          = "Service"
      + resource_group_name                = "sre-challenge-flashenpost"
      + secondary_access_key               = (sensitive value)
      + secondary_blob_connection_string   = (sensitive value)
      + secondary_blob_endpoint            = (known after apply)
      + secondary_blob_host                = (known after apply)
      + secondary_blob_internet_endpoint   = (known after apply)
      + secondary_blob_internet_host       = (known after apply)
      + secondary_blob_microsoft_endpoint  = (known after apply)
      + secondary_blob_microsoft_host      = (known after apply)
      + secondary_connection_string        = (sensitive value)
      + secondary_dfs_endpoint             = (known after apply)
      + secondary_dfs_host                 = (known after apply)
      + secondary_dfs_internet_endpoint    = (known after apply)
      + secondary_dfs_internet_host        = (known after apply)
      + secondary_dfs_microsoft_endpoint   = (known after apply)
      + secondary_dfs_microsoft_host       = (known after apply)
      + secondary_file_endpoint            = (known after apply)
      + secondary_file_host                = (known after apply)
      + secondary_file_internet_endpoint   = (known after apply)
      + secondary_file_internet_host       = (known after apply)
      + secondary_file_microsoft_endpoint  = (known after apply)
      + secondary_file_microsoft_host      = (known after apply)
      + secondary_location                 = (known after apply)
      + secondary_queue_endpoint           = (known after apply)
      + secondary_queue_host               = (known after apply)
      + secondary_queue_microsoft_endpoint = (known after apply)
      + secondary_queue_microsoft_host     = (known after apply)
      + secondary_table_endpoint           = (known after apply)
      + secondary_table_host               = (known after apply)
      + secondary_table_microsoft_endpoint = (known after apply)
      + secondary_table_microsoft_host     = (known after apply)
      + secondary_web_endpoint             = (known after apply)
      + secondary_web_host                 = (known after apply)
      + secondary_web_internet_endpoint    = (known after apply)
      + secondary_web_internet_host        = (known after apply)
      + secondary_web_microsoft_endpoint   = (known after apply)
      + secondary_web_microsoft_host       = (known after apply)
      + sftp_enabled                       = false
      + shared_access_key_enabled          = true
      + table_encryption_key_type          = "Service"
      + tags                               = {
          + "department" = "SRE"
        }

      + blob_properties {
          + change_feed_enabled           = (known after apply)
          + change_feed_retention_in_days = (known after apply)
          + default_service_version       = (known after apply)
          + last_access_time_enabled      = (known after apply)
          + versioning_enabled            = (known after apply)

          + container_delete_retention_policy {
              + days = (known after apply)
            }

          + cors_rule {
              + allowed_headers    = (known after apply)
              + allowed_methods    = (known after apply)
              + allowed_origins    = (known after apply)
              + exposed_headers    = (known after apply)
              + max_age_in_seconds = (known after apply)
            }

          + delete_retention_policy {
              + days                     = (known after apply)
              + permanent_delete_enabled = (known after apply)
            }

          + restore_policy {
              + days = (known after apply)
            }
        }

      + network_rules {
          + bypass                     = (known after apply)
          + default_action             = (known after apply)
          + ip_rules                   = (known after apply)
          + virtual_network_subnet_ids = (known after apply)

          + private_link_access {
              + endpoint_resource_id = (known after apply)
              + endpoint_tenant_id   = (known after apply)
            }
        }

      + queue_properties {
          + cors_rule {
              + allowed_headers    = (known after apply)
              + allowed_methods    = (known after apply)
              + allowed_origins    = (known after apply)
              + exposed_headers    = (known after apply)
              + max_age_in_seconds = (known after apply)
            }

          + hour_metrics {
              + enabled               = (known after apply)
              + include_apis          = (known after apply)
              + retention_policy_days = (known after apply)
              + version               = (known after apply)
            }

          + logging {
              + delete                = (known after apply)
              + read                  = (known after apply)
              + retention_policy_days = (known after apply)
              + version               = (known after apply)
              + write                 = (known after apply)
            }

          + minute_metrics {
              + enabled               = (known after apply)
              + include_apis          = (known after apply)
              + retention_policy_days = (known after apply)
              + version               = (known after apply)
            }
        }

      + routing {
          + choice                      = (known after apply)
          + publish_internet_endpoints  = (known after apply)
          + publish_microsoft_endpoints = (known after apply)
        }

      + share_properties {
          + cors_rule {
              + allowed_headers    = (known after apply)
              + allowed_methods    = (known after apply)
              + allowed_origins    = (known after apply)
              + exposed_headers    = (known after apply)
              + max_age_in_seconds = (known after apply)
            }

          + retention_policy {
              + days = (known after apply)
            }

          + smb {
              + authentication_types            = (known after apply)
              + channel_encryption_type         = (known after apply)
              + kerberos_ticket_encryption_type = (known after apply)
              + multichannel_enabled            = (known after apply)
              + versions                        = (known after apply)
            }
        }
    }

  # module.fpost-storage.azurerm_storage_container.sre_container will be created
  + resource "azurerm_storage_container" "sre_container" {
      + container_access_type             = "private"
      + default_encryption_scope          = (known after apply)
      + encryption_scope_override_enabled = true
      + has_immutability_policy           = (known after apply)
      + has_legal_hold                    = (known after apply)
      + id                                = (known after apply)
      + metadata                          = (known after apply)
      + name                              = "sre"
      + resource_manager_id               = (known after apply)
      + storage_account_name              = "srechallengesforfpost"
    }

Plan: 3 to add, 0 to change, 0 to destroy.

Changes to Outputs:
  + container_id                              = (known after apply)
  + storage_account_id                        = (known after apply)
  + storage_account_primary_access_key        = (sensitive value)
  + storage_account_primary_connection_string = (sensitive value)
